// !$*UTF8*$!
{
	archiveVersion = 1;
	classes = {
	};
	objectVersion = 46;
	objects = {

/* Begin PBXBuildFile section */
		4CB9390214593440008524E0 /* UIKit.framework in Frameworks */ = {isa = PBXBuildFile; fileRef = 4CB9390114593440008524E0 /* UIKit.framework */; };
		4CB9390414593440008524E0 /* Foundation.framework in Frameworks */ = {isa = PBXBuildFile; fileRef = 4CB9390314593440008524E0 /* Foundation.framework */; };
		4CB9390614593440008524E0 /* CoreGraphics.framework in Frameworks */ = {isa = PBXBuildFile; fileRef = 4CB9390514593440008524E0 /* CoreGraphics.framework */; };
		4CB9390C14593440008524E0 /* InfoPlist.strings in Resources */ = {isa = PBXBuildFile; fileRef = 4CB9390A14593440008524E0 /* InfoPlist.strings */; };
		4CB9390E14593440008524E0 /* main.m in Sources */ = {isa = PBXBuildFile; fileRef = 4CB9390D14593440008524E0 /* main.m */; };
		4CB9391214593440008524E0 /* xc4test3AppDelegate.m in Sources */ = {isa = PBXBuildFile; fileRef = 4CB9391114593440008524E0 /* xc4test3AppDelegate.m */; };
		4CB9391514593440008524E0 /* MainWindow.xib in Resources */ = {isa = PBXBuildFile; fileRef = 4CB9391314593440008524E0 /* MainWindow.xib */; };
		4CB9391814593440008524E0 /* MainViewController.m in Sources */ = {isa = PBXBuildFile; fileRef = 4CB9391714593440008524E0 /* MainViewController.m */; };
		4CB9391A14593440008524E0 /* MainView.xib in Resources */ = {isa = PBXBuildFile; fileRef = 4CB9391914593440008524E0 /* MainView.xib */; };
		4CB9391D14593440008524E0 /* FlipsideViewController.m in Sources */ = {isa = PBXBuildFile; fileRef = 4CB9391C14593440008524E0 /* FlipsideViewController.m */; };
		4CB9391F14593440008524E0 /* FlipsideView.xib in Resources */ = {isa = PBXBuildFile; fileRef = 4CB9391E14593440008524E0 /* FlipsideView.xib */; };
/* End PBXBuildFile section */

/* Begin PBXFileReference section */
		4CB938FD14593440008524E0 /* xc4test3.app */ = {isa = PBXFileReference; explicitFileType = wrapper.application; includeInIndex = 0; path = xc4test3.app; sourceTree = BUILT_PRODUCTS_DIR; };
		4CB9390114593440008524E0 /* UIKit.framework */ = {isa = PBXFileReference; lastKnownFileType = wrapper.framework; name = UIKit.framework; path = System/Library/Frameworks/UIKit.framework; sourceTree = SDKROOT; };
		4CB9390314593440008524E0 /* Foundation.framework */ = {isa = PBXFileReference; lastKnownFileType = wrapper.framework; name = Foundation.framework; path = System/Library/Frameworks/Foundation.framework; sourceTree = SDKROOT; };
		4CB9390514593440008524E0 /* CoreGraphics.framework */ = {isa = PBXFileReference; lastKnownFileType = wrapper.framework; name = CoreGraphics.framework; path = System/Library/Frameworks/CoreGraphics.framework; sourceTree = SDKROOT; };
		4CB9390914593440008524E0 /* xc4test3-Info.plist */ = {isa = PBXFileReference; lastKnownFileType = text.plist.xml; path = "xc4test3-Info.plist"; sourceTree = "<group>"; };
		4CB9390B14593440008524E0 /* en */ = {isa = PBXFileReference; lastKnownFileType = text.plist.strings; name = en; path = en.lproj/InfoPlist.strings; sourceTree = "<group>"; };
		4CB9390D14593440008524E0 /* main.m */ = {isa = PBXFileReference; lastKnownFileType = sourcecode.c.objc; path = main.m; sourceTree = "<group>"; };
		4CB9390F14593440008524E0 /* xc4test3-Prefix.pch */ = {isa = PBXFileReference; lastKnownFileType = sourcecode.c.h; path = "xc4test3-Prefix.pch"; sourceTree = "<group>"; };
		4CB9391014593440008524E0 /* xc4test3AppDelegate.h */ = {isa = PBXFileReference; lastKnownFileType = sourcecode.c.h; path = xc4test3AppDelegate.h; sourceTree = "<group>"; };
		4CB9391114593440008524E0 /* xc4test3AppDelegate.m */ = {isa = PBXFileReference; lastKnownFileType = sourcecode.c.objc; path = xc4test3AppDelegate.m; sourceTree = "<group>"; };
		4CB9391414593440008524E0 /* en */ = {isa = PBXFileReference; lastKnownFileType = file.xib; name = en; path = en.lproj/MainWindow.xib; sourceTree = "<group>"; };
		4CB9391614593440008524E0 /* MainViewController.h */ = {isa = PBXFileReference; lastKnownFileType = sourcecode.c.h; path = MainViewController.h; sourceTree = "<group>"; };
		4CB9391714593440008524E0 /* MainViewController.m */ = {isa = PBXFileReference; lastKnownFileType = sourcecode.c.objc; path = MainViewController.m; sourceTree = "<group>"; };
		4CB9391914593440008524E0 /* MainView.xib */ = {isa = PBXFileReference; lastKnownFileType = file.xib; path = MainView.xib; sourceTree = "<group>"; };
		4CB9391B14593440008524E0 /* FlipsideViewController.h */ = {isa = PBXFileReference; lastKnownFileType = sourcecode.c.h; path = FlipsideViewController.h; sourceTree = "<group>"; };
		4CB9391C14593440008524E0 /* FlipsideViewController.m */ = {isa = PBXFileReference; lastKnownFileType = sourcecode.c.objc; path = FlipsideViewController.m; sourceTree = "<group>"; };
		4CB9391E14593440008524E0 /* FlipsideView.xib */ = {isa = PBXFileReference; lastKnownFileType = file.xib; path = FlipsideView.xib; sourceTree = "<group>"; };
/* End PBXFileReference section */

/* Begin PBXFrameworksBuildPhase section */
		4CB938FA14593440008524E0 /* Frameworks */ = {
			isa = PBXFrameworksBuildPhase;
			buildActionMask = 2147483647;
			files = (
				4CB9390214593440008524E0 /* UIKit.framework in Frameworks */,
				4CB9390414593440008524E0 /* Foundation.framework in Frameworks */,
				4CB9390614593440008524E0 /* CoreGraphics.framework in Frameworks */,
			);
			runOnlyForDeploymentPostprocessing = 0;
		};
/* End PBXFrameworksBuildPhase section */

/* Begin PBXGroup section */
		4CB938F214593440008524E0 = {
			isa = PBXGroup;
			children = (
				4CB9390714593440008524E0 /* xc4test3 */,
				4CB9390014593440008524E0 /* Frameworks */,
				4CB938FE14593440008524E0 /* Products */,
			);
			sourceTree = "<group>";
		};
		4CB938FE14593440008524E0 /* Products */ = {
			isa = PBXGroup;
			children = (
				4CB938FD14593440008524E0 /* xc4test3.app */,
			);
			name = Products;
			sourceTree = "<group>";
		};
		4CB9390014593440008524E0 /* Frameworks */ = {
			isa = PBXGroup;
			children = (
				4CB9390114593440008524E0 /* UIKit.framework */,
				4CB9390314593440008524E0 /* Foundation.framework */,
				4CB9390514593440008524E0 /* CoreGraphics.framework */,
			);
			name = Frameworks;
			sourceTree = "<group>";
		};
		4CB9390714593440008524E0 /* xc4test3 */ = {
			isa = PBXGroup;
			children = (
				4CB9391014593440008524E0 /* xc4test3AppDelegate.h */,
				4CB9391114593440008524E0 /* xc4test3AppDelegate.m */,
				4CB9391314593440008524E0 /* MainWindow.xib */,
				4CB9391614593440008524E0 /* MainViewController.h */,
				4CB9391714593440008524E0 /* MainViewController.m */,
				4CB9391914593440008524E0 /* MainView.xib */,
				4CB9391B14593440008524E0 /* FlipsideViewController.h */,
				4CB9391C14593440008524E0 /* FlipsideViewController.m */,
				4CB9391E14593440008524E0 /* FlipsideView.xib */,
				4CB9390814593440008524E0 /* Supporting Files */,
			);
			path = xc4test3;
			sourceTree = "<group>";
		};
		4CB9390814593440008524E0 /* Supporting Files */ = {
			isa = PBXGroup;
			children = (
				4CB9390914593440008524E0 /* xc4test3-Info.plist */,
				4CB9390A14593440008524E0 /* InfoPlist.strings */,
				4CB9390D14593440008524E0 /* main.m */,
				4CB9390F14593440008524E0 /* xc4test3-Prefix.pch */,
			);
			name = "Supporting Files";
			sourceTree = "<group>";
		};
/* End PBXGroup section */

/* Begin PBXNativeTarget section */
		4CB938FC14593440008524E0 /* xc4test3 */ = {
			isa = PBXNativeTarget;
			buildConfigurationList = 4CB9392214593440008524E0 /* Build configuration list for PBXNativeTarget "xc4test3" */;
			buildPhases = (
				4CB938F914593440008524E0 /* Sources */,
				4CB938FA14593440008524E0 /* Frameworks */,
				4CB938FB14593440008524E0 /* Resources */,
			);
			buildRules = (
			);
			dependencies = (
			);
			name = xc4test3;
			productName = xc4test3;
			productReference = 4CB938FD14593440008524E0 /* xc4test3.app */;
			productType = "com.apple.product-type.application";
		};
/* End PBXNativeTarget section */

/* Begin PBXProject section */
		4CB938F414593440008524E0 /* Project object */ = {
			isa = PBXProject;
			attributes = {
				ORGANIZATIONNAME = "Digital Burro";
			};
			buildConfigurationList = 4CB938F714593440008524E0 /* Build configuration list for PBXProject "xc4test3" */;
			compatibilityVersion = "Xcode 3.2";
			developmentRegion = English;
			hasScannedForEncodings = 0;
			knownRegions = (
				en,
			);
			mainGroup = 4CB938F214593440008524E0;
			productRefGroup = 4CB938FE14593440008524E0 /* Products */;
			projectDirPath = "";
			projectRoot = "";
			targets = (
				4CB938FC14593440008524E0 /* xc4test3 */,
			);
		};
/* End PBXProject section */

/* Begin PBXResourcesBuildPhase section */
		4CB938FB14593440008524E0 /* Resources */ = {
			isa = PBXResourcesBuildPhase;
			buildActionMask = 2147483647;
			files = (
				4CB9390C14593440008524E0 /* InfoPlist.strings in Resources */,
				4CB9391514593440008524E0 /* MainWindow.xib in Resources */,
				4CB9391A14593440008524E0 /* MainView.xib in Resources */,
				4CB9391F14593440008524E0 /* FlipsideView.xib in Resources */,
			);
			runOnlyForDeploymentPostprocessing = 0;
		};
/* End PBXResourcesBuildPhase section */

/* Begin PBXSourcesBuildPhase section */
		4CB938F914593440008524E0 /* Sources */ = {
			isa = PBXSourcesBuildPhase;
			buildActionMask = 2147483647;
			files = (
				4CB9390E14593440008524E0 /* main.m in Sources */,
				4CB9391214593440008524E0 /* xc4test3AppDelegate.m in Sources */,
				4CB9391814593440008524E0 /* MainViewController.m in Sources */,
				4CB9391D14593440008524E0 /* FlipsideViewController.m in Sources */,
			);
			runOnlyForDeploymentPostprocessing = 0;
		};
/* End PBXSourcesBuildPhase section */

/* Begin PBXVariantGroup section */
		4CB9390A14593440008524E0 /* InfoPlist.strings */ = {
			isa = PBXVariantGroup;
			children = (
				4CB9390B14593440008524E0 /* en */,
			);
			name = InfoPlist.strings;
			sourceTree = "<group>";
		};
		4CB9391314593440008524E0 /* MainWindow.xib */ = {
			isa = PBXVariantGroup;
			children = (
				4CB9391414593440008524E0 /* en */,
			);
			name = MainWindow.xib;
			sourceTree = "<group>";
		};
/* End PBXVariantGroup section */

/* Begin XCBuildConfiguration section */
		4CB9392014593440008524E0 /* Debug */ = {
			isa = XCBuildConfiguration;
			buildSettings = {
				ALWAYS_SEARCH_USER_PATHS = NO;
				ARCHS = "$(ARCHS_STANDARD_32_BIT)";
				"CODE_SIGN_IDENTITY[sdk=iphoneos*]" = "iPhone Developer";
				COPY_PHASE_STRIP = NO;
				GCC_C_LANGUAGE_STANDARD = gnu99;
				GCC_DYNAMIC_NO_PIC = NO;
				GCC_OPTIMIZATION_LEVEL = 0;
				GCC_PREPROCESSOR_DEFINITIONS = (
					"DEBUG=1",
					"$(inherited)",
				);
				GCC_SYMBOLS_PRIVATE_EXTERN = NO;
				GCC_VERSION = com.apple.compilers.llvmgcc42;
				GCC_WARN_ABOUT_MISSING_PROTOTYPES = YES;
				GCC_WARN_ABOUT_RETURN_TYPE = YES;
				GCC_WARN_UNUSED_VARIABLE = YES;
				IPHONEOS_DEPLOYMENT_TARGET = 4.3;
				SDKROOT = iphoneos;
			};
			name = Debug;
		};
		4CB9392114593440008524E0 /* Release */ = {
			isa = XCBuildConfiguration;
			buildSettings = {
				ALWAYS_SEARCH_USER_PATHS = NO;
				ARCHS = "$(ARCHS_STANDARD_32_BIT)";
				"CODE_SIGN_IDENTITY[sdk=iphoneos*]" = "iPhone Developer";
				COPY_PHASE_STRIP = YES;
				GCC_C_LANGUAGE_STANDARD = gnu99;
				GCC_VERSION = com.apple.compilers.llvmgcc42;
				GCC_WARN_ABOUT_MISSING_PROTOTYPES = YES;
				GCC_WARN_ABOUT_RETURN_TYPE = YES;
				GCC_WARN_UNUSED_VARIABLE = YES;
				IPHONEOS_DEPLOYMENT_TARGET = 4.3;
				OTHER_CFLAGS = "-DNS_BLOCK_ASSERTIONS=1";
				SDKROOT = iphoneos;
				VALIDATE_PRODUCT = YES;
			};
			name = Release;
		};
		4CB9392314593440008524E0 /* Debug */ = {
			isa = XCBuildConfiguration;
			buildSettings = {
				GCC_PRECOMPILE_PREFIX_HEADER = YES;
				GCC_PREFIX_HEADER = "xc4test3/xc4test3-Prefix.pch";
				INFOPLIST_FILE = "xc4test3/xc4test3-Info.plist";
				PRODUCT_NAME = "$(TARGET_NAME)";
				WRAPPER_EXTENSION = app;
			};
			name = Debug;
		};
		4CB9392414593440008524E0 /* Release */ = {
			isa = XCBuildConfiguration;
			buildSettings = {
				GCC_PRECOMPILE_PREFIX_HEADER = YES;
				GCC_PREFIX_HEADER = "xc4test3/xc4test3-Prefix.pch";
				INFOPLIST_FILE = "xc4test3/xc4test3-Info.plist";
				PRODUCT_NAME = "$(TARGET_NAME)";
				WRAPPER_EXTENSION = app;
			};
			name = Release;
		};
/* End XCBuildConfiguration section */

/* Begin XCConfigurationList section */
		4CB938F714593440008524E0 /* Build configuration list for PBXProject "xc4test3" */ = {
			isa = XCConfigurationList;
			buildConfigurations = (
				4CB9392014593440008524E0 /* Debug */,
				4CB9392114593440008524E0 /* Release */,
			);
			defaultConfigurationIsVisible = 0;
			defaultConfigurationName = Release;
		};
		4CB9392214593440008524E0 /* Build configuration list for PBXNativeTarget "xc4test3" */ = {
			isa = XCConfigurationList;
			buildConfigurations = (
				4CB9392314593440008524E0 /* Debug */,
				4CB9392414593440008524E0 /* Release */,
			);
			defaultConfigurationIsVisible = 0;
		};
/* End XCConfigurationList section */
	};
	rootObject = 4CB938F414593440008524E0 /* Project object */;
}
